// !$*UTF8*$!
{
	archiveVersion = 1;
	classes = {
	};
	objectVersion = 50;
	objects = {

/* Begin PBXBuildFile section */
		26226246A99889718A00AE2C /* Pods_Flickr.framework in Frameworks */ = {isa = PBXBuildFile; fileRef = 3666D2ED38B13899629952B2 /* Pods_Flickr.framework */; };
		36923BD3D0FF0593757A8DC7 /* Pods_FlickrTests.framework in Frameworks */ = {isa = PBXBuildFile; fileRef = BC5A037DA8C9A60C1DFF4D9A /* Pods_FlickrTests.framework */; };
		9A7AC752B33C4FC3BF07C1AC /* Pods_FlickrUITests.framework in Frameworks */ = {isa = PBXBuildFile; fileRef = 138998B19BE26215D5DBF6FF /* Pods_FlickrUITests.framework */; };
		C00AE020221633A500DB1797 /* Photos.swift in Sources */ = {isa = PBXBuildFile; fileRef = C00AE01F221633A500DB1797 /* Photos.swift */; };
		C00AE022221637BD00DB1797 /* RecentPhotos.swift in Sources */ = {isa = PBXBuildFile; fileRef = C00AE021221637BD00DB1797 /* RecentPhotos.swift */; };
		C00AE028221BDA1B00DB1797 /* ListTableCell.swift in Sources */ = {isa = PBXBuildFile; fileRef = C00AE027221BDA1B00DB1797 /* ListTableCell.swift */; };
		C050A6EB2259010800709CBD /* Utils.swift in Sources */ = {isa = PBXBuildFile; fileRef = C050A6EA2259010800709CBD /* Utils.swift */; };
		C074DFBA220C49DC0018F40C /* AppDelegate.swift in Sources */ = {isa = PBXBuildFile; fileRef = C074DFB9220C49DC0018F40C /* AppDelegate.swift */; };
		C074DFBC220C49DC0018F40C /* MainVC.swift in Sources */ = {isa = PBXBuildFile; fileRef = C074DFBB220C49DC0018F40C /* MainVC.swift */; };
		C074DFBF220C49DC0018F40C /* Main.storyboard in Resources */ = {isa = PBXBuildFile; fileRef = C074DFBD220C49DC0018F40C /* Main.storyboard */; };
		C074DFC1220C49DD0018F40C /* Assets.xcassets in Resources */ = {isa = PBXBuildFile; fileRef = C074DFC0220C49DD0018F40C /* Assets.xcassets */; };
		C074DFC4220C49DD0018F40C /* LaunchScreen.storyboard in Resources */ = {isa = PBXBuildFile; fileRef = C074DFC2220C49DD0018F40C /* LaunchScreen.storyboard */; };
		C074DFCF220C49DE0018F40C /* FlickrTests.swift in Sources */ = {isa = PBXBuildFile; fileRef = C074DFCE220C49DE0018F40C /* FlickrTests.swift */; };
		C074DFDA220C49DE0018F40C /* FlickrUITests.swift in Sources */ = {isa = PBXBuildFile; fileRef = C074DFD9220C49DE0018F40C /* FlickrUITests.swift */; };
		C0BB0E292212DEBA00F6632D /* Photo.swift in Sources */ = {isa = PBXBuildFile; fileRef = C0BB0E282212DEBA00F6632D /* Photo.swift */; };
		C0EC330B220C79180058E3FD /* Constants.swift in Sources */ = {isa = PBXBuildFile; fileRef = C0EC330A220C79180058E3FD /* Constants.swift */; };
		C0EC330D220C7AA30058E3FD /* FlickrHelper.swift in Sources */ = {isa = PBXBuildFile; fileRef = C0EC330C220C7AA30058E3FD /* FlickrHelper.swift */; };
/* End PBXBuildFile section */

/* Begin PBXContainerItemProxy section */
		C074DFCB220C49DE0018F40C /* PBXContainerItemProxy */ = {
			isa = PBXContainerItemProxy;
			containerPortal = C074DFAE220C49DC0018F40C /* Project object */;
			proxyType = 1;
			remoteGlobalIDString = C074DFB5220C49DC0018F40C;
			remoteInfo = Flickr;
		};
		C074DFD6220C49DE0018F40C /* PBXContainerItemProxy */ = {
			isa = PBXContainerItemProxy;
			containerPortal = C074DFAE220C49DC0018F40C /* Project object */;
			proxyType = 1;
			remoteGlobalIDString = C074DFB5220C49DC0018F40C;
			remoteInfo = Flickr;
		};
/* End PBXContainerItemProxy section */

/* Begin PBXFileReference section */
		04ED0992FA30FCF07C46949C /* Pods-FlickrTests.release.xcconfig */ = {isa = PBXFileReference; includeInIndex = 1; lastKnownFileType = text.xcconfig; name = "Pods-FlickrTests.release.xcconfig"; path = "Pods/Target Support Files/Pods-FlickrTests/Pods-FlickrTests.release.xcconfig"; sourceTree = "<group>"; };
		138998B19BE26215D5DBF6FF /* Pods_FlickrUITests.framework */ = {isa = PBXFileReference; explicitFileType = wrapper.framework; includeInIndex = 0; path = Pods_FlickrUITests.framework; sourceTree = BUILT_PRODUCTS_DIR; };
		1C7CEF3B769429CF31B6843B /* Pods-FlickrUITests.debug.xcconfig */ = {isa = PBXFileReference; includeInIndex = 1; lastKnownFileType = text.xcconfig; name = "Pods-FlickrUITests.debug.xcconfig"; path = "Pods/Target Support Files/Pods-FlickrUITests/Pods-FlickrUITests.debug.xcconfig"; sourceTree = "<group>"; };
		3666D2ED38B13899629952B2 /* Pods_Flickr.framework */ = {isa = PBXFileReference; explicitFileType = wrapper.framework; includeInIndex = 0; path = Pods_Flickr.framework; sourceTree = BUILT_PRODUCTS_DIR; };
		447894104A757CE7E8E55669 /* Pods-Flickr.debug.xcconfig */ = {isa = PBXFileReference; includeInIndex = 1; lastKnownFileType = text.xcconfig; name = "Pods-Flickr.debug.xcconfig"; path = "Pods/Target Support Files/Pods-Flickr/Pods-Flickr.debug.xcconfig"; sourceTree = "<group>"; };
		9C01FC13955FF6B04BDE4769 /* Pods-FlickrTests.debug.xcconfig */ = {isa = PBXFileReference; includeInIndex = 1; lastKnownFileType = text.xcconfig; name = "Pods-FlickrTests.debug.xcconfig"; path = "Pods/Target Support Files/Pods-FlickrTests/Pods-FlickrTests.debug.xcconfig"; sourceTree = "<group>"; };
		BC5A037DA8C9A60C1DFF4D9A /* Pods_FlickrTests.framework */ = {isa = PBXFileReference; explicitFileType = wrapper.framework; includeInIndex = 0; path = Pods_FlickrTests.framework; sourceTree = BUILT_PRODUCTS_DIR; };
		C00AE01F221633A500DB1797 /* Photos.swift */ = {isa = PBXFileReference; lastKnownFileType = sourcecode.swift; path = Photos.swift; sourceTree = "<group>"; };
		C00AE021221637BD00DB1797 /* RecentPhotos.swift */ = {isa = PBXFileReference; lastKnownFileType = sourcecode.swift; path = RecentPhotos.swift; sourceTree = "<group>"; };
		C00AE027221BDA1B00DB1797 /* ListTableCell.swift */ = {isa = PBXFileReference; lastKnownFileType = sourcecode.swift; path = ListTableCell.swift; sourceTree = "<group>"; };
		C050A6EA2259010800709CBD /* Utils.swift */ = {isa = PBXFileReference; lastKnownFileType = sourcecode.swift; path = Utils.swift; sourceTree = "<group>"; };
		C074DFB6220C49DC0018F40C /* Flickr.app */ = {isa = PBXFileReference; explicitFileType = wrapper.application; includeInIndex = 0; path = Flickr.app; sourceTree = BUILT_PRODUCTS_DIR; };
		C074DFB9220C49DC0018F40C /* AppDelegate.swift */ = {isa = PBXFileReference; lastKnownFileType = sourcecode.swift; path = AppDelegate.swift; sourceTree = "<group>"; };
		C074DFBB220C49DC0018F40C /* MainVC.swift */ = {isa = PBXFileReference; lastKnownFileType = sourcecode.swift; path = MainVC.swift; sourceTree = "<group>"; };
		C074DFBE220C49DC0018F40C /* Base */ = {isa = PBXFileReference; lastKnownFileType = file.storyboard; name = Base; path = Base.lproj/Main.storyboard; sourceTree = "<group>"; };
		C074DFC0220C49DD0018F40C /* Assets.xcassets */ = {isa = PBXFileReference; lastKnownFileType = folder.assetcatalog; path = Assets.xcassets; sourceTree = "<group>"; };
		C074DFC3220C49DD0018F40C /* Base */ = {isa = PBXFileReference; lastKnownFileType = file.storyboard; name = Base; path = Base.lproj/LaunchScreen.storyboard; sourceTree = "<group>"; };
		C074DFC5220C49DD0018F40C /* Info.plist */ = {isa = PBXFileReference; lastKnownFileType = text.plist.xml; path = Info.plist; sourceTree = "<group>"; };
		C074DFCA220C49DE0018F40C /* FlickrTests.xctest */ = {isa = PBXFileReference; explicitFileType = wrapper.cfbundle; includeInIndex = 0; path = FlickrTests.xctest; sourceTree = BUILT_PRODUCTS_DIR; };
		C074DFCE220C49DE0018F40C /* FlickrTests.swift */ = {isa = PBXFileReference; lastKnownFileType = sourcecode.swift; path = FlickrTests.swift; sourceTree = "<group>"; };
		C074DFD0220C49DE0018F40C /* Info.plist */ = {isa = PBXFileReference; lastKnownFileType = text.plist.xml; path = Info.plist; sourceTree = "<group>"; };
		C074DFD5220C49DE0018F40C /* FlickrUITests.xctest */ = {isa = PBXFileReference; explicitFileType = wrapper.cfbundle; includeInIndex = 0; path = FlickrUITests.xctest; sourceTree = BUILT_PRODUCTS_DIR; };
		C074DFD9220C49DE0018F40C /* FlickrUITests.swift */ = {isa = PBXFileReference; lastKnownFileType = sourcecode.swift; path = FlickrUITests.swift; sourceTree = "<group>"; };
		C074DFDB220C49DE0018F40C /* Info.plist */ = {isa = PBXFileReference; lastKnownFileType = text.plist.xml; path = Info.plist; sourceTree = "<group>"; };
		C0BB0E282212DEBA00F6632D /* Photo.swift */ = {isa = PBXFileReference; lastKnownFileType = sourcecode.swift; path = Photo.swift; sourceTree = "<group>"; };
		C0EC330A220C79180058E3FD /* Constants.swift */ = {isa = PBXFileReference; lastKnownFileType = sourcecode.swift; path = Constants.swift; sourceTree = "<group>"; };
		C0EC330C220C7AA30058E3FD /* FlickrHelper.swift */ = {isa = PBXFileReference; lastKnownFileType = sourcecode.swift; path = FlickrHelper.swift; sourceTree = "<group>"; };
		C34D820A92462FCEA582008A /* Pods-FlickrUITests.release.xcconfig */ = {isa = PBXFileReference; includeInIndex = 1; lastKnownFileType = text.xcconfig; name = "Pods-FlickrUITests.release.xcconfig"; path = "Pods/Target Support Files/Pods-FlickrUITests/Pods-FlickrUITests.release.xcconfig"; sourceTree = "<group>"; };
		D534BB825931DB7AAB3F1B7E /* Pods-Flickr.release.xcconfig */ = {isa = PBXFileReference; includeInIndex = 1; lastKnownFileType = text.xcconfig; name = "Pods-Flickr.release.xcconfig"; path = "Pods/Target Support Files/Pods-Flickr/Pods-Flickr.release.xcconfig"; sourceTree = "<group>"; };
/* End PBXFileReference section */

/* Begin PBXFrameworksBuildPhase section */
		C074DFB3220C49DC0018F40C /* Frameworks */ = {
			isa = PBXFrameworksBuildPhase;
			buildActionMask = 2147483647;
			files = (
				26226246A99889718A00AE2C /* Pods_Flickr.framework in Frameworks */,
			);
			runOnlyForDeploymentPostprocessing = 0;
		};
		C074DFC7220C49DE0018F40C /* Frameworks */ = {
			isa = PBXFrameworksBuildPhase;
			buildActionMask = 2147483647;
			files = (
				36923BD3D0FF0593757A8DC7 /* Pods_FlickrTests.framework in Frameworks */,
			);
			runOnlyForDeploymentPostprocessing = 0;
		};
		C074DFD2220C49DE0018F40C /* Frameworks */ = {
			isa = PBXFrameworksBuildPhase;
			buildActionMask = 2147483647;
			files = (
				9A7AC752B33C4FC3BF07C1AC /* Pods_FlickrUITests.framework in Frameworks */,
			);
			runOnlyForDeploymentPostprocessing = 0;
		};
/* End PBXFrameworksBuildPhase section */

/* Begin PBXGroup section */
		6973394B561EB32312FD7616 /* Pods */ = {
			isa = PBXGroup;
			children = (
				447894104A757CE7E8E55669 /* Pods-Flickr.debug.xcconfig */,
				D534BB825931DB7AAB3F1B7E /* Pods-Flickr.release.xcconfig */,
				9C01FC13955FF6B04BDE4769 /* Pods-FlickrTests.debug.xcconfig */,
				04ED0992FA30FCF07C46949C /* Pods-FlickrTests.release.xcconfig */,
				1C7CEF3B769429CF31B6843B /* Pods-FlickrUITests.debug.xcconfig */,
				C34D820A92462FCEA582008A /* Pods-FlickrUITests.release.xcconfig */,
			);
			name = Pods;
			sourceTree = "<group>";
		};
		C050A6E9225900E900709CBD /* Utilities */ = {
			isa = PBXGroup;
			children = (
				C050A6EA2259010800709CBD /* Utils.swift */,
			);
			path = Utilities;
			sourceTree = "<group>";
		};
		C074DFAD220C49DC0018F40C = {
			isa = PBXGroup;
			children = (
				C074DFB8220C49DC0018F40C /* Flickr */,
				C074DFCD220C49DE0018F40C /* FlickrTests */,
				C074DFD8220C49DE0018F40C /* FlickrUITests */,
				C074DFB7220C49DC0018F40C /* Products */,
				6973394B561EB32312FD7616 /* Pods */,
				D02AD4AE55430DFA28260C4F /* Frameworks */,
			);
			sourceTree = "<group>";
		};
		C074DFB7220C49DC0018F40C /* Products */ = {
			isa = PBXGroup;
			children = (
				C074DFB6220C49DC0018F40C /* Flickr.app */,
				C074DFCA220C49DE0018F40C /* FlickrTests.xctest */,
				C074DFD5220C49DE0018F40C /* FlickrUITests.xctest */,
			);
			name = Products;
			sourceTree = "<group>";
		};
		C074DFB8220C49DC0018F40C /* Flickr */ = {
			isa = PBXGroup;
			children = (
				C074DFB9220C49DC0018F40C /* AppDelegate.swift */,
				C0EC330A220C79180058E3FD /* Constants.swift */,
				C074DFC0220C49DD0018F40C /* Assets.xcassets */,
				C074DFC5220C49DD0018F40C /* Info.plist */,
				C0EC3306220C78B80058E3FD /* Layout */,
				C050A6E9225900E900709CBD /* Utilities */,
				C0EC3309220C78D90058E3FD /* Controller */,
				C0EC3308220C78D20058E3FD /* View */,
				C0EC3307220C78CA0058E3FD /* Model */,
				C0EC330C220C7AA30058E3FD /* FlickrHelper.swift */,
			);
			path = Flickr;
			sourceTree = "<group>";
		};
		C074DFCD220C49DE0018F40C /* FlickrTests */ = {
			isa = PBXGroup;
			children = (
				C074DFCE220C49DE0018F40C /* FlickrTests.swift */,
				C074DFD0220C49DE0018F40C /* Info.plist */,
			);
			path = FlickrTests;
			sourceTree = "<group>";
		};
		C074DFD8220C49DE0018F40C /* FlickrUITests */ = {
			isa = PBXGroup;
			children = (
				C074DFD9220C49DE0018F40C /* FlickrUITests.swift */,
				C074DFDB220C49DE0018F40C /* Info.plist */,
			);
			path = FlickrUITests;
			sourceTree = "<group>";
		};
		C0EC3306220C78B80058E3FD /* Layout */ = {
			isa = PBXGroup;
			children = (
				C074DFBD220C49DC0018F40C /* Main.storyboard */,
				C074DFC2220C49DD0018F40C /* LaunchScreen.storyboard */,
			);
			path = Layout;
			sourceTree = "<group>";
		};
		C0EC3307220C78CA0058E3FD /* Model */ = {
			isa = PBXGroup;
			children = (
				C00AE01F221633A500DB1797 /* Photos.swift */,
				C0BB0E282212DEBA00F6632D /* Photo.swift */,
				C00AE021221637BD00DB1797 /* RecentPhotos.swift */,
			);
			path = Model;
			sourceTree = "<group>";
		};
		C0EC3308220C78D20058E3FD /* View */ = {
			isa = PBXGroup;
			children = (
				C00AE027221BDA1B00DB1797 /* ListTableCell.swift */,
			);
			path = View;
			sourceTree = "<group>";
		};
		C0EC3309220C78D90058E3FD /* Controller */ = {
			isa = PBXGroup;
			children = (
				C074DFBB220C49DC0018F40C /* MainVC.swift */,
			);
			path = Controller;
			sourceTree = "<group>";
		};
		D02AD4AE55430DFA28260C4F /* Frameworks */ = {
			isa = PBXGroup;
			children = (
				3666D2ED38B13899629952B2 /* Pods_Flickr.framework */,
				BC5A037DA8C9A60C1DFF4D9A /* Pods_FlickrTests.framework */,
				138998B19BE26215D5DBF6FF /* Pods_FlickrUITests.framework */,
			);
			name = Frameworks;
			sourceTree = "<group>";
		};
/* End PBXGroup section */

/* Begin PBXNativeTarget section */
		C074DFB5220C49DC0018F40C /* Flickr */ = {
			isa = PBXNativeTarget;
			buildConfigurationList = C074DFDE220C49DE0018F40C /* Build configuration list for PBXNativeTarget "Flickr" */;
			buildPhases = (
				B424F99C86B870E0CD1686A5 /* [CP] Check Pods Manifest.lock */,
				C074DFB2220C49DC0018F40C /* Sources */,
				C074DFB3220C49DC0018F40C /* Frameworks */,
				C074DFB4220C49DC0018F40C /* Resources */,
			);
			buildRules = (
			);
			dependencies = (
			);
			name = Flickr;
			productName = Flickr;
			productReference = C074DFB6220C49DC0018F40C /* Flickr.app */;
			productType = "com.apple.product-type.application";
		};
		C074DFC9220C49DE0018F40C /* FlickrTests */ = {
			isa = PBXNativeTarget;
			buildConfigurationList = C074DFE1220C49DE0018F40C /* Build configuration list for PBXNativeTarget "FlickrTests" */;
			buildPhases = (
				A7EB3F4506C5B103B7807401 /* [CP] Check Pods Manifest.lock */,
				C074DFC6220C49DE0018F40C /* Sources */,
				C074DFC7220C49DE0018F40C /* Frameworks */,
				C074DFC8220C49DE0018F40C /* Resources */,
			);
			buildRules = (
			);
			dependencies = (
				C074DFCC220C49DE0018F40C /* PBXTargetDependency */,
			);
			name = FlickrTests;
			productName = FlickrTests;
			productReference = C074DFCA220C49DE0018F40C /* FlickrTests.xctest */;
			productType = "com.apple.product-type.bundle.unit-test";
		};
		C074DFD4220C49DE0018F40C /* FlickrUITests */ = {
			isa = PBXNativeTarget;
			buildConfigurationList = C074DFE4220C49DE0018F40C /* Build configuration list for PBXNativeTarget "FlickrUITests" */;
			buildPhases = (
				EE15B542D41130319B116AE7 /* [CP] Check Pods Manifest.lock */,
				C074DFD1220C49DE0018F40C /* Sources */,
				C074DFD2220C49DE0018F40C /* Frameworks */,
				C074DFD3220C49DE0018F40C /* Resources */,
			);
			buildRules = (
			);
			dependencies = (
				C074DFD7220C49DE0018F40C /* PBXTargetDependency */,
			);
			name = FlickrUITests;
			productName = FlickrUITests;
			productReference = C074DFD5220C49DE0018F40C /* FlickrUITests.xctest */;
			productType = "com.apple.product-type.bundle.ui-testing";
		};
/* End PBXNativeTarget section */

/* Begin PBXProject section */
		C074DFAE220C49DC0018F40C /* Project object */ = {
			isa = PBXProject;
			attributes = {
				LastSwiftUpdateCheck = 1010;
				LastUpgradeCheck = 1010;
				ORGANIZATIONNAME = "Esra Karakeçili";
				TargetAttributes = {
					C074DFB5220C49DC0018F40C = {
						CreatedOnToolsVersion = 10.1;
					};
					C074DFC9220C49DE0018F40C = {
						CreatedOnToolsVersion = 10.1;
						TestTargetID = C074DFB5220C49DC0018F40C;
					};
					C074DFD4220C49DE0018F40C = {
						CreatedOnToolsVersion = 10.1;
						TestTargetID = C074DFB5220C49DC0018F40C;
					};
				};
			};
			buildConfigurationList = C074DFB1220C49DC0018F40C /* Build configuration list for PBXProject "Flickr" */;
			compatibilityVersion = "Xcode 9.3";
			developmentRegion = en;
			hasScannedForEncodings = 0;
			knownRegions = (
				en,
				Base,
			);
			mainGroup = C074DFAD220C49DC0018F40C;
			productRefGroup = C074DFB7220C49DC0018F40C /* Products */;
			projectDirPath = "";
			projectRoot = "";
			targets = (
				C074DFB5220C49DC0018F40C /* Flickr */,
				C074DFC9220C49DE0018F40C /* FlickrTests */,
				C074DFD4220C49DE0018F40C /* FlickrUITests */,
			);
		};
/* End PBXProject section */

/* Begin PBXResourcesBuildPhase section */
		C074DFB4220C49DC0018F40C /* Resources */ = {
			isa = PBXResourcesBuildPhase;
			buildActionMask = 2147483647;
			files = (
				C074DFC4220C49DD0018F40C /* LaunchScreen.storyboard in Resources */,
				C074DFC1220C49DD0018F40C /* Assets.xcassets in Resources */,
				C074DFBF220C49DC0018F40C /* Main.storyboard in Resources */,
			);
			runOnlyForDeploymentPostprocessing = 0;
		};
		C074DFC8220C49DE0018F40C /* Resources */ = {
			isa = PBXResourcesBuildPhase;
			buildActionMask = 2147483647;
			files = (
			);
			runOnlyForDeploymentPostprocessing = 0;
		};
		C074DFD3220C49DE0018F40C /* Resources */ = {
			isa = PBXResourcesBuildPhase;
			buildActionMask = 2147483647;
			files = (
			);
			runOnlyForDeploymentPostprocessing = 0;
		};
/* End PBXResourcesBuildPhase section */

/* Begin PBXShellScriptBuildPhase section */
		A7EB3F4506C5B103B7807401 /* [CP] Check Pods Manifest.lock */ = {
			isa = PBXShellScriptBuildPhase;
			buildActionMask = 2147483647;
			files = (
			);
			inputFileListPaths = (
			);
			inputPaths = (
				"${PODS_PODFILE_DIR_PATH}/Podfile.lock",
				"${PODS_ROOT}/Manifest.lock",
			);
			name = "[CP] Check Pods Manifest.lock";
			outputFileListPaths = (
			);
			outputPaths = (
				"$(DERIVED_FILE_DIR)/Pods-FlickrTests-checkManifestLockResult.txt",
			);
			runOnlyForDeploymentPostprocessing = 0;
			shellPath = /bin/sh;
			shellScript = "diff \"${PODS_PODFILE_DIR_PATH}/Podfile.lock\" \"${PODS_ROOT}/Manifest.lock\" > /dev/null\nif [ $? != 0 ] ; then\n    # print error to STDERR\n    echo \"error: The sandbox is not in sync with the Podfile.lock. Run 'pod install' or update your CocoaPods installation.\" >&2\n    exit 1\nfi\n# This output is used by Xcode 'outputs' to avoid re-running this script phase.\necho \"SUCCESS\" > \"${SCRIPT_OUTPUT_FILE_0}\"\n";
			showEnvVarsInLog = 0;
		};
		B424F99C86B870E0CD1686A5 /* [CP] Check Pods Manifest.lock */ = {
			isa = PBXShellScriptBuildPhase;
			buildActionMask = 2147483647;
			files = (
			);
			inputFileListPaths = (
			);
			inputPaths = (
				"${PODS_PODFILE_DIR_PATH}/Podfile.lock",
				"${PODS_ROOT}/Manifest.lock",
			);
			name = "[CP] Check Pods Manifest.lock";
			outputFileListPaths = (
			);
			outputPaths = (
				"$(DERIVED_FILE_DIR)/Pods-Flickr-checkManifestLockResult.txt",
			);
			runOnlyForDeploymentPostprocessing = 0;
			shellPath = /bin/sh;
			shellScript = "diff \"${PODS_PODFILE_DIR_PATH}/Podfile.lock\" \"${PODS_ROOT}/Manifest.lock\" > /dev/null\nif [ $? != 0 ] ; then\n    # print error to STDERR\n    echo \"error: The sandbox is not in sync with the Podfile.lock. Run 'pod install' or update your CocoaPods installation.\" >&2\n    exit 1\nfi\n# This output is used by Xcode 'outputs' to avoid re-running this script phase.\necho \"SUCCESS\" > \"${SCRIPT_OUTPUT_FILE_0}\"\n";
			showEnvVarsInLog = 0;
		};
		EE15B542D41130319B116AE7 /* [CP] Check Pods Manifest.lock */ = {
			isa = PBXShellScriptBuildPhase;
			buildActionMask = 2147483647;
			files = (
			);
			inputFileListPaths = (
			);
			inputPaths = (
				"${PODS_PODFILE_DIR_PATH}/Podfile.lock",
				"${PODS_ROOT}/Manifest.lock",
			);
			name = "[CP] Check Pods Manifest.lock";
			outputFileListPaths = (
			);
			outputPaths = (
				"$(DERIVED_FILE_DIR)/Pods-FlickrUITests-checkManifestLockResult.txt",
			);
			runOnlyForDeploymentPostprocessing = 0;
			shellPath = /bin/sh;
			shellScript = "diff \"${PODS_PODFILE_DIR_PATH}/Podfile.lock\" \"${PODS_ROOT}/Manifest.lock\" > /dev/null\nif [ $? != 0 ] ; then\n    # print error to STDERR\n    echo \"error: The sandbox is not in sync with the Podfile.lock. Run 'pod install' or update your CocoaPods installation.\" >&2\n    exit 1\nfi\n# This output is used by Xcode 'outputs' to avoid re-running this script phase.\necho \"SUCCESS\" > \"${SCRIPT_OUTPUT_FILE_0}\"\n";
			showEnvVarsInLog = 0;
		};
/* End PBXShellScriptBuildPhase section */

/* Begin PBXSourcesBuildPhase section */
		C074DFB2220C49DC0018F40C /* Sources */ = {
			isa = PBXSourcesBuildPhase;
			buildActionMask = 2147483647;
			files = (
				C00AE020221633A500DB1797 /* Photos.swift in Sources */,
				C0EC330D220C7AA30058E3FD /* FlickrHelper.swift in Sources */,
				C050A6EB2259010800709CBD /* Utils.swift in Sources */,
				C00AE028221BDA1B00DB1797 /* ListTableCell.swift in Sources */,
				C074DFBC220C49DC0018F40C /* MainVC.swift in Sources */,
				C00AE022221637BD00DB1797 /* RecentPhotos.swift in Sources */,
				C074DFBA220C49DC0018F40C /* AppDelegate.swift in Sources */,
				C0EC330B220C79180058E3FD /* Constants.swift in Sources */,
				C0BB0E292212DEBA00F6632D /* Photo.swift in Sources */,
			);
			runOnlyForDeploymentPostprocessing = 0;
		};
		C074DFC6220C49DE0018F40C /* Sources */ = {
			isa = PBXSourcesBuildPhase;
			buildActionMask = 2147483647;
			files = (
				C074DFCF220C49DE0018F40C /* FlickrTests.swift in Sources */,
			);
			runOnlyForDeploymentPostprocessing = 0;
		};
		C074DFD1220C49DE0018F40C /* Sources */ = {
			isa = PBXSourcesBuildPhase;
			buildActionMask = 2147483647;
			files = (
				C074DFDA220C49DE0018F40C /* FlickrUITests.swift in Sources */,
			);
			runOnlyForDeploymentPostprocessing = 0;
		};
/* End PBXSourcesBuildPhase section */

/* Begin PBXTargetDependency section */
		C074DFCC220C49DE0018F40C /* PBXTargetDependency */ = {
			isa = PBXTargetDependency;
			target = C074DFB5220C49DC0018F40C /* Flickr */;
			targetProxy = C074DFCB220C49DE0018F40C /* PBXContainerItemProxy */;
		};
		C074DFD7220C49DE0018F40C /* PBXTargetDependency */ = {
			isa = PBXTargetDependency;
			target = C074DFB5220C49DC0018F40C /* Flickr */;
			targetProxy = C074DFD6220C49DE0018F40C /* PBXContainerItemProxy */;
		};
/* End PBXTargetDependency section */

/* Begin PBXVariantGroup section */
		C074DFBD220C49DC0018F40C /* Main.storyboard */ = {
			isa = PBXVariantGroup;
			children = (
				C074DFBE220C49DC0018F40C /* Base */,
			);
			name = Main.storyboard;
			sourceTree = "<group>";
		};
		C074DFC2220C49DD0018F40C /* LaunchScreen.storyboard */ = {
			isa = PBXVariantGroup;
			children = (
				C074DFC3220C49DD0018F40C /* Base */,
			);
			name = LaunchScreen.storyboard;
			sourceTree = "<group>";
		};
/* End PBXVariantGroup section */

/* Begin XCBuildConfiguration section */
		C074DFDC220C49DE0018F40C /* Debug */ = {
			isa = XCBuildConfiguration;
			buildSettings = {
				ALWAYS_SEARCH_USER_PATHS = NO;
				CLANG_ANALYZER_NONNULL = YES;
				CLANG_ANALYZER_NUMBER_OBJECT_CONVERSION = YES_AGGRESSIVE;
				CLANG_CXX_LANGUAGE_STANDARD = "gnu++14";
				CLANG_CXX_LIBRARY = "libc++";
				CLANG_ENABLE_MODULES = YES;
				CLANG_ENABLE_OBJC_ARC = YES;
				CLANG_ENABLE_OBJC_WEAK = YES;
				CLANG_WARN_BLOCK_CAPTURE_AUTORELEASING = YES;
				CLANG_WARN_BOOL_CONVERSION = YES;
				CLANG_WARN_COMMA = YES;
				CLANG_WARN_CONSTANT_CONVERSION = YES;
				CLANG_WARN_DEPRECATED_OBJC_IMPLEMENTATIONS = YES;
				CLANG_WARN_DIRECT_OBJC_ISA_USAGE = YES_ERROR;
				CLANG_WARN_DOCUMENTATION_COMMENTS = YES;
				CLANG_WARN_EMPTY_BODY = YES;
				CLANG_WARN_ENUM_CONVERSION = YES;
				CLANG_WARN_INFINITE_RECURSION = YES;
				CLANG_WARN_INT_CONVERSION = YES;
				CLANG_WARN_NON_LITERAL_NULL_CONVERSION = YES;
				CLANG_WARN_OBJC_IMPLICIT_RETAIN_SELF = YES;
				CLANG_WARN_OBJC_LITERAL_CONVERSION = YES;
				CLANG_WARN_OBJC_ROOT_CLASS = YES_ERROR;
				CLANG_WARN_RANGE_LOOP_ANALYSIS = YES;
				CLANG_WARN_STRICT_PROTOTYPES = YES;
				CLANG_WARN_SUSPICIOUS_MOVE = YES;
				CLANG_WARN_UNGUARDED_AVAILABILITY = YES_AGGRESSIVE;
				CLANG_WARN_UNREACHABLE_CODE = YES;
				CLANG_WARN__DUPLICATE_METHOD_MATCH = YES;
				CODE_SIGN_IDENTITY = "iPhone Developer";
				COPY_PHASE_STRIP = NO;
				DEBUG_INFORMATION_FORMAT = dwarf;
				ENABLE_STRICT_OBJC_MSGSEND = YES;
				ENABLE_TESTABILITY = YES;
				GCC_C_LANGUAGE_STANDARD = gnu11;
				GCC_DYNAMIC_NO_PIC = NO;
				GCC_NO_COMMON_BLOCKS = YES;
				GCC_OPTIMIZATION_LEVEL = 0;
				GCC_PREPROCESSOR_DEFINITIONS = (
					"DEBUG=1",
					"$(inherited)",
				);
				GCC_WARN_64_TO_32_BIT_CONVERSION = YES;
				GCC_WARN_ABOUT_RETURN_TYPE = YES_ERROR;
				GCC_WARN_UNDECLARED_SELECTOR = YES;
				GCC_WARN_UNINITIALIZED_AUTOS = YES_AGGRESSIVE;
				GCC_WARN_UNUSED_FUNCTION = YES;
				GCC_WARN_UNUSED_VARIABLE = YES;
				IPHONEOS_DEPLOYMENT_TARGET = 12.1;
				MTL_ENABLE_DEBUG_INFO = INCLUDE_SOURCE;
				MTL_FAST_MATH = YES;
				ONLY_ACTIVE_ARCH = YES;
				SDKROOT = iphoneos;
				SWIFT_ACTIVE_COMPILATION_CONDITIONS = DEBUG;
				SWIFT_OPTIMIZATION_LEVEL = "-Onone";
			};
			name = Debug;
		};
		C074DFDD220C49DE0018F40C /* Release */ = {
			isa = XCBuildConfiguration;
			buildSettings = {
				ALWAYS_SEARCH_USER_PATHS = NO;
				CLANG_ANALYZER_NONNULL = YES;
				CLANG_ANALYZER_NUMBER_OBJECT_CONVERSION = YES_AGGRESSIVE;
				CLANG_CXX_LANGUAGE_STANDARD = "gnu++14";
				CLANG_CXX_LIBRARY = "libc++";
				CLANG_ENABLE_MODULES = YES;
				CLANG_ENABLE_OBJC_ARC = YES;
				CLANG_ENABLE_OBJC_WEAK = YES;
				CLANG_WARN_BLOCK_CAPTURE_AUTORELEASING = YES;
				CLANG_WARN_BOOL_CONVERSION = YES;
				CLANG_WARN_COMMA = YES;
				CLANG_WARN_CONSTANT_CONVERSION = YES;
				CLANG_WARN_DEPRECATED_OBJC_IMPLEMENTATIONS = YES;
				CLANG_WARN_DIRECT_OBJC_ISA_USAGE = YES_ERROR;
				CLANG_WARN_DOCUMENTATION_COMMENTS = YES;
				CLANG_WARN_EMPTY_BODY = YES;
				CLANG_WARN_ENUM_CONVERSION = YES;
				CLANG_WARN_INFINITE_RECURSION = YES;
				CLANG_WARN_INT_CONVERSION = YES;
				CLANG_WARN_NON_LITERAL_NULL_CONVERSION = YES;
				CLANG_WARN_OBJC_IMPLICIT_RETAIN_SELF = YES;
				CLANG_WARN_OBJC_LITERAL_CONVERSION = YES;
				CLANG_WARN_OBJC_ROOT_CLASS = YES_ERROR;
				CLANG_WARN_RANGE_LOOP_ANALYSIS = YES;
				CLANG_WARN_STRICT_PROTOTYPES = YES;
				CLANG_WARN_SUSPICIOUS_MOVE = YES;
				CLANG_WARN_UNGUARDED_AVAILABILITY = YES_AGGRESSIVE;
				CLANG_WARN_UNREACHABLE_CODE = YES;
				CLANG_WARN__DUPLICATE_METHOD_MATCH = YES;
				CODE_SIGN_IDENTITY = "iPhone Developer";
				COPY_PHASE_STRIP = NO;
				DEBUG_INFORMATION_FORMAT = "dwarf-with-dsym";
				ENABLE_NS_ASSERTIONS = NO;
				ENABLE_STRICT_OBJC_MSGSEND = YES;
				GCC_C_LANGUAGE_STANDARD = gnu11;
				GCC_NO_COMMON_BLOCKS = YES;
				GCC_WARN_64_TO_32_BIT_CONVERSION = YES;
				GCC_WARN_ABOUT_RETURN_TYPE = YES_ERROR;
				GCC_WARN_UNDECLARED_SELECTOR = YES;
				GCC_WARN_UNINITIALIZED_AUTOS = YES_AGGRESSIVE;
				GCC_WARN_UNUSED_FUNCTION = YES;
				GCC_WARN_UNUSED_VARIABLE = YES;
				IPHONEOS_DEPLOYMENT_TARGET = 12.1;
				MTL_ENABLE_DEBUG_INFO = NO;
				MTL_FAST_MATH = YES;
				SDKROOT = iphoneos;
				SWIFT_COMPILATION_MODE = wholemodule;
				SWIFT_OPTIMIZATION_LEVEL = "-O";
				VALIDATE_PRODUCT = YES;
			};
			name = Release;
		};
		C074DFDF220C49DE0018F40C /* Debug */ = {
			isa = XCBuildConfiguration;
			baseConfigurationReference = 447894104A757CE7E8E55669 /* Pods-Flickr.debug.xcconfig */;
			buildSettings = {
				ASSETCATALOG_COMPILER_APPICON_NAME = AppIcon;
				CODE_SIGN_STYLE = Automatic;
				INFOPLIST_FILE = Flickr/Info.plist;
				LD_RUNPATH_SEARCH_PATHS = (
					"$(inherited)",
					"@executable_path/Frameworks",
				);
				PRODUCT_BUNDLE_IDENTIFIER = karakecili.esra.Flickr;
				PRODUCT_NAME = "$(TARGET_NAME)";
				SWIFT_VERSION = 4.2;
				TARGETED_DEVICE_FAMILY = "1,2";
			};
			name = Debug;
		};
		C074DFE0220C49DE0018F40C /* Release */ = {
			isa = XCBuildConfiguration;
			baseConfigurationReference = D534BB825931DB7AAB3F1B7E /* Pods-Flickr.release.xcconfig */;
			buildSettings = {
				ASSETCATALOG_COMPILER_APPICON_NAME = AppIcon;
				CODE_SIGN_STYLE = Automatic;
				INFOPLIST_FILE = Flickr/Info.plist;
				LD_RUNPATH_SEARCH_PATHS = (
					"$(inherited)",
					"@executable_path/Frameworks",
				);
				PRODUCT_BUNDLE_IDENTIFIER = karakecili.esra.Flickr;
				PRODUCT_NAME = "$(TARGET_NAME)";
				SWIFT_VERSION = 4.2;
				TARGETED_DEVICE_FAMILY = "1,2";
			};
			name = Release;
		};
		C074DFE2220C49DE0018F40C /* Debug */ = {
			isa = XCBuildConfiguration;
			baseConfigurationReference = 9C01FC13955FF6B04BDE4769 /* Pods-FlickrTests.debug.xcconfig */;
			buildSettings = {
				ALWAYS_EMBED_SWIFT_STANDARD_LIBRARIES = YES;
				BUNDLE_LOADER = "$(TEST_HOST)";
				CODE_SIGN_STYLE = Automatic;
				INFOPLIST_FILE = FlickrTests/Info.plist;
				LD_RUNPATH_SEARCH_PATHS = (
					"$(inherited)",
					"@executable_path/Frameworks",
					"@loader_path/Frameworks",
				);
				PRODUCT_BUNDLE_IDENTIFIER = karakecili.esra.FlickrTests;
				PRODUCT_NAME = "$(TARGET_NAME)";
				SWIFT_VERSION = 4.2;
				TARGETED_DEVICE_FAMILY = "1,2";
				TEST_HOST = "$(BUILT_PRODUCTS_DIR)/Flickr.app/Flickr";
			};
			name = Debug;
		};
		C074DFE3220C49DE0018F40C /* Release */ = {
			isa = XCBuildConfiguration;
			baseConfigurationReference = 04ED0992FA30FCF07C46949C /* Pods-FlickrTests.release.xcconfig */;
			buildSettings = {
				ALWAYS_EMBED_SWIFT_STANDARD_LIBRARIES = YES;
				BUNDLE_LOADER = "$(TEST_HOST)";
				CODE_SIGN_STYLE = Automatic;
				INFOPLIST_FILE = FlickrTests/Info.plist;
				LD_RUNPATH_SEARCH_PATHS = (
					"$(inherited)",
					"@executable_path/Frameworks",
					"@loader_path/Frameworks",
				);
				PRODUCT_BUNDLE_IDENTIFIER = karakecili.esra.FlickrTests;
				PRODUCT_NAME = "$(TARGET_NAME)";
				SWIFT_VERSION = 4.2;
				TARGETED_DEVICE_FAMILY = "1,2";
				TEST_HOST = "$(BUILT_PRODUCTS_DIR)/Flickr.app/Flickr";
			};
			name = Release;
		};
		C074DFE5220C49DE0018F40C /* Debug */ = {
			isa = XCBuildConfiguration;
			baseConfigurationReference = 1C7CEF3B769429CF31B6843B /* Pods-FlickrUITests.debug.xcconfig */;
			buildSettings = {
				ALWAYS_EMBED_SWIFT_STANDARD_LIBRARIES = YES;
				CODE_SIGN_STYLE = Automatic;
				INFOPLIST_FILE = FlickrUITests/Info.plist;
				LD_RUNPATH_SEARCH_PATHS = (
					"$(inherited)",
					"@executable_path/Frameworks",
					"@loader_path/Frameworks",
				);
				PRODUCT_BUNDLE_IDENTIFIER = karakecili.esra.FlickrUITests;
				PRODUCT_NAME = "$(TARGET_NAME)";
				SWIFT_VERSION = 4.2;
				TARGETED_DEVICE_FAMILY = "1,2";
				TEST_TARGET_NAME = Flickr;
			};
			name = Debug;
		};
		C074DFE6220C49DE0018F40C /* Release */ = {
			isa = XCBuildConfiguration;
			baseConfigurationReference = C34D820A92462FCEA582008A /* Pods-FlickrUITests.release.xcconfig */;
			buildSettings = {
				ALWAYS_EMBED_SWIFT_STANDARD_LIBRARIES = YES;
				CODE_SIGN_STYLE = Automatic;
				INFOPLIST_FILE = FlickrUITests/Info.plist;
				LD_RUNPATH_SEARCH_PATHS = (
					"$(inherited)",
					"@executable_path/Frameworks",
					"@loader_path/Frameworks",
				);
				PRODUCT_BUNDLE_IDENTIFIER = karakecili.esra.FlickrUITests;
				PRODUCT_NAME = "$(TARGET_NAME)";
				SWIFT_VERSION = 4.2;
				TARGETED_DEVICE_FAMILY = "1,2";
				TEST_TARGET_NAME = Flickr;
			};
			name = Release;
		};
/* End XCBuildConfiguration section */

/* Begin XCConfigurationList section */
		C074DFB1220C49DC0018F40C /* Build configuration list for PBXProject "Flickr" */ = {
			isa = XCConfigurationList;
			buildConfigurations = (
				C074DFDC220C49DE0018F40C /* Debug */,
				C074DFDD220C49DE0018F40C /* Release */,
			);
			defaultConfigurationIsVisible = 0;
			defaultConfigurationName = Release;
		};
		C074DFDE220C49DE0018F40C /* Build configuration list for PBXNativeTarget "Flickr" */ = {
			isa = XCConfigurationList;
			buildConfigurations = (
				C074DFDF220C49DE0018F40C /* Debug */,
				C074DFE0220C49DE0018F40C /* Release */,
			);
			defaultConfigurationIsVisible = 0;
			defaultConfigurationName = Release;
		};
		C074DFE1220C49DE0018F40C /* Build configuration list for PBXNativeTarget "FlickrTests" */ = {
			isa = XCConfigurationList;
			buildConfigurations = (
				C074DFE2220C49DE0018F40C /* Debug */,
				C074DFE3220C49DE0018F40C /* Release */,
			);
			defaultConfigurationIsVisible = 0;
			defaultConfigurationName = Release;
		};
		C074DFE4220C49DE0018F40C /* Build configuration list for PBXNativeTarget "FlickrUITests" */ = {
			isa = XCConfigurationList;
			buildConfigurations = (
				C074DFE5220C49DE0018F40C /* Debug */,
				C074DFE6220C49DE0018F40C /* Release */,
			);
			defaultConfigurationIsVisible = 0;
			defaultConfigurationName = Release;
		};
/* End XCConfigurationList section */
	};
	rootObject = C074DFAE220C49DC0018F40C /* Project object */;
}
